// !$*UTF8*$!
{
	archiveVersion = 1;
	classes = {
	};
	objectVersion = 46;
	objects = {

/* Begin PBXBuildFile section */
		3E0E9F8DCA665524BC334568 /* Pods_DQOY.framework in Frameworks */ = {isa = PBXBuildFile; fileRef = F4B4D4FC47E3DAB5F8339D54 /* Pods_DQOY.framework */; };
		7A9207961DBDD6990095E0F0 /* MainViewController.swift in Sources */ = {isa = PBXBuildFile; fileRef = 7A9207951DBDD6990095E0F0 /* MainViewController.swift */; };
		7A9207981DBDD8BC0095E0F0 /* DQOYClient.swift in Sources */ = {isa = PBXBuildFile; fileRef = 7A9207971DBDD8BC0095E0F0 /* DQOYClient.swift */; };
		7A92079C1DBE38B60095E0F0 /* PlayerViewController.swift in Sources */ = {isa = PBXBuildFile; fileRef = 7A92079B1DBE38B60095E0F0 /* PlayerViewController.swift */; };
		7A9207A01DBE6D350095E0F0 /* DQOYVideo.swift in Sources */ = {isa = PBXBuildFile; fileRef = 7A92079F1DBE6D350095E0F0 /* DQOYVideo.swift */; };
		A6BB79941DB5BADA00D2FAA1 /* AppDelegate.swift in Sources */ = {isa = PBXBuildFile; fileRef = A6BB79931DB5BADA00D2FAA1 /* AppDelegate.swift */; };
		A6BB79991DB5BADA00D2FAA1 /* Main.storyboard in Resources */ = {isa = PBXBuildFile; fileRef = A6BB79971DB5BADA00D2FAA1 /* Main.storyboard */; };
		A6BB799B1DB5BADA00D2FAA1 /* Assets.xcassets in Resources */ = {isa = PBXBuildFile; fileRef = A6BB799A1DB5BADA00D2FAA1 /* Assets.xcassets */; };
		A6BB799E1DB5BADA00D2FAA1 /* LaunchScreen.storyboard in Resources */ = {isa = PBXBuildFile; fileRef = A6BB799C1DB5BADA00D2FAA1 /* LaunchScreen.storyboard */; };
		A6BB79A61DB6FFE800D2FAA1 /* VideoCell.swift in Sources */ = {isa = PBXBuildFile; fileRef = A6BB79A51DB6FFE800D2FAA1 /* VideoCell.swift */; };
/* End PBXBuildFile section */

/* Begin PBXFileReference section */
		7A9207951DBDD6990095E0F0 /* MainViewController.swift */ = {isa = PBXFileReference; fileEncoding = 4; lastKnownFileType = sourcecode.swift; path = MainViewController.swift; sourceTree = "<group>"; };
		7A9207971DBDD8BC0095E0F0 /* DQOYClient.swift */ = {isa = PBXFileReference; fileEncoding = 4; lastKnownFileType = sourcecode.swift; path = DQOYClient.swift; sourceTree = "<group>"; };
		7A92079B1DBE38B60095E0F0 /* PlayerViewController.swift */ = {isa = PBXFileReference; fileEncoding = 4; lastKnownFileType = sourcecode.swift; path = PlayerViewController.swift; sourceTree = "<group>"; };
		7A92079F1DBE6D350095E0F0 /* DQOYVideo.swift */ = {isa = PBXFileReference; fileEncoding = 4; lastKnownFileType = sourcecode.swift; path = DQOYVideo.swift; sourceTree = "<group>"; };
		843DD3BD48C786E0BDB9AA03 /* Pods-DQOY.debug.xcconfig */ = {isa = PBXFileReference; includeInIndex = 1; lastKnownFileType = text.xcconfig; name = "Pods-DQOY.debug.xcconfig"; path = "Pods/Target Support Files/Pods-DQOY/Pods-DQOY.debug.xcconfig"; sourceTree = "<group>"; };
		9FC2565FCB8671D2097F43B9 /* Pods-DQOY.release.xcconfig */ = {isa = PBXFileReference; includeInIndex = 1; lastKnownFileType = text.xcconfig; name = "Pods-DQOY.release.xcconfig"; path = "Pods/Target Support Files/Pods-DQOY/Pods-DQOY.release.xcconfig"; sourceTree = "<group>"; };
		A6BB79901DB5BADA00D2FAA1 /* DQOY.app */ = {isa = PBXFileReference; explicitFileType = wrapper.application; includeInIndex = 0; path = DQOY.app; sourceTree = BUILT_PRODUCTS_DIR; };
		A6BB79931DB5BADA00D2FAA1 /* AppDelegate.swift */ = {isa = PBXFileReference; lastKnownFileType = sourcecode.swift; path = AppDelegate.swift; sourceTree = "<group>"; };
		A6BB79981DB5BADA00D2FAA1 /* Base */ = {isa = PBXFileReference; lastKnownFileType = file.storyboard; name = Base; path = Base.lproj/Main.storyboard; sourceTree = "<group>"; };
		A6BB799A1DB5BADA00D2FAA1 /* Assets.xcassets */ = {isa = PBXFileReference; lastKnownFileType = folder.assetcatalog; path = Assets.xcassets; sourceTree = "<group>"; };
		A6BB799D1DB5BADA00D2FAA1 /* Base */ = {isa = PBXFileReference; lastKnownFileType = file.storyboard; name = Base; path = Base.lproj/LaunchScreen.storyboard; sourceTree = "<group>"; };
		A6BB799F1DB5BADA00D2FAA1 /* Info.plist */ = {isa = PBXFileReference; lastKnownFileType = text.plist.xml; path = Info.plist; sourceTree = "<group>"; };
		A6BB79A51DB6FFE800D2FAA1 /* VideoCell.swift */ = {isa = PBXFileReference; fileEncoding = 4; lastKnownFileType = sourcecode.swift; path = VideoCell.swift; sourceTree = "<group>"; };
		F4B4D4FC47E3DAB5F8339D54 /* Pods_DQOY.framework */ = {isa = PBXFileReference; explicitFileType = wrapper.framework; includeInIndex = 0; path = Pods_DQOY.framework; sourceTree = BUILT_PRODUCTS_DIR; };
/* End PBXFileReference section */

/* Begin PBXFrameworksBuildPhase section */
		A6BB798D1DB5BADA00D2FAA1 /* Frameworks */ = {
			isa = PBXFrameworksBuildPhase;
			buildActionMask = 2147483647;
			files = (
				3E0E9F8DCA665524BC334568 /* Pods_DQOY.framework in Frameworks */,
			);
			runOnlyForDeploymentPostprocessing = 0;
		};
/* End PBXFrameworksBuildPhase section */

/* Begin PBXGroup section */
		68FD60338E746EE012E07DEA /* Pods */ = {
			isa = PBXGroup;
			children = (
				843DD3BD48C786E0BDB9AA03 /* Pods-DQOY.debug.xcconfig */,
				9FC2565FCB8671D2097F43B9 /* Pods-DQOY.release.xcconfig */,
			);
			name = Pods;
			sourceTree = "<group>";
		};
		7A92079D1DBE50710095E0F0 /* Controllers */ = {
			isa = PBXGroup;
			children = (
				7A9207951DBDD6990095E0F0 /* MainViewController.swift */,
				7A92079B1DBE38B60095E0F0 /* PlayerViewController.swift */,
			);
			name = Controllers;
			sourceTree = "<group>";
		};
		7A92079E1DBE507C0095E0F0 /* Models */ = {
			isa = PBXGroup;
			children = (
				7A9207971DBDD8BC0095E0F0 /* DQOYClient.swift */,
				7A92079F1DBE6D350095E0F0 /* DQOYVideo.swift */,
			);
			name = Models;
			sourceTree = "<group>";
		};
		A6BB79871DB5BADA00D2FAA1 = {
			isa = PBXGroup;
			children = (
				A6BB79921DB5BADA00D2FAA1 /* DQOY */,
				A6BB79911DB5BADA00D2FAA1 /* Products */,
				68FD60338E746EE012E07DEA /* Pods */,
				D4F775FA3C4924C7EEEBAD3E /* Frameworks */,
			);
			sourceTree = "<group>";
		};
		A6BB79911DB5BADA00D2FAA1 /* Products */ = {
			isa = PBXGroup;
			children = (
				A6BB79901DB5BADA00D2FAA1 /* DQOY.app */,
			);
			name = Products;
			sourceTree = "<group>";
		};
		A6BB79921DB5BADA00D2FAA1 /* DQOY */ = {
			isa = PBXGroup;
			children = (
				A6BB79931DB5BADA00D2FAA1 /* AppDelegate.swift */,
				7A92079E1DBE507C0095E0F0 /* Models */,
				7A92079D1DBE50710095E0F0 /* Controllers */,
				A6BB79971DB5BADA00D2FAA1 /* Main.storyboard */,
				A6BB79A51DB6FFE800D2FAA1 /* VideoCell.swift */,
				A6BB799A1DB5BADA00D2FAA1 /* Assets.xcassets */,
				A6BB799C1DB5BADA00D2FAA1 /* LaunchScreen.storyboard */,
				A6BB799F1DB5BADA00D2FAA1 /* Info.plist */,
			);
			path = DQOY;
			sourceTree = "<group>";
		};
		D4F775FA3C4924C7EEEBAD3E /* Frameworks */ = {
			isa = PBXGroup;
			children = (
				F4B4D4FC47E3DAB5F8339D54 /* Pods_DQOY.framework */,
			);
			name = Frameworks;
			sourceTree = "<group>";
		};
/* End PBXGroup section */

/* Begin PBXNativeTarget section */
		A6BB798F1DB5BADA00D2FAA1 /* DQOY */ = {
			isa = PBXNativeTarget;
			buildConfigurationList = A6BB79A21DB5BADA00D2FAA1 /* Build configuration list for PBXNativeTarget "DQOY" */;
			buildPhases = (
				7D141EA08D4DAF68F36302BD /* [CP] Check Pods Manifest.lock */,
				A6BB798C1DB5BADA00D2FAA1 /* Sources */,
				A6BB798D1DB5BADA00D2FAA1 /* Frameworks */,
				A6BB798E1DB5BADA00D2FAA1 /* Resources */,
				95FB70953568C0A8E049278C /* [CP] Embed Pods Frameworks */,
			);
			buildRules = (
			);
			dependencies = (
			);
			name = DQOY;
			productName = DQOY;
			productReference = A6BB79901DB5BADA00D2FAA1 /* DQOY.app */;
			productType = "com.apple.product-type.application";
		};
/* End PBXNativeTarget section */

/* Begin PBXProject section */
		A6BB79881DB5BADA00D2FAA1 /* Project object */ = {
			isa = PBXProject;
			attributes = {
				LastSwiftUpdateCheck = 0800;
				LastUpgradeCheck = 0800;
				ORGANIZATIONNAME = "Dameon Bryant";
				TargetAttributes = {
					A6BB798F1DB5BADA00D2FAA1 = {
						CreatedOnToolsVersion = 8.0;
						DevelopmentTeam = W345E7CZ5N;
						LastSwiftMigration = 1020;
						ProvisioningStyle = Automatic;
					};
				};
			};
			buildConfigurationList = A6BB798B1DB5BADA00D2FAA1 /* Build configuration list for PBXProject "DQOY" */;
			compatibilityVersion = "Xcode 3.2";
			developmentRegion = English;
			hasScannedForEncodings = 0;
			knownRegions = (
				English,
				en,
				Base,
			);
			mainGroup = A6BB79871DB5BADA00D2FAA1;
			productRefGroup = A6BB79911DB5BADA00D2FAA1 /* Products */;
			projectDirPath = "";
			projectRoot = "";
			targets = (
				A6BB798F1DB5BADA00D2FAA1 /* DQOY */,
			);
		};
/* End PBXProject section */

/* Begin PBXResourcesBuildPhase section */
		A6BB798E1DB5BADA00D2FAA1 /* Resources */ = {
			isa = PBXResourcesBuildPhase;
			buildActionMask = 2147483647;
			files = (
				A6BB799E1DB5BADA00D2FAA1 /* LaunchScreen.storyboard in Resources */,
				A6BB799B1DB5BADA00D2FAA1 /* Assets.xcassets in Resources */,
				A6BB79991DB5BADA00D2FAA1 /* Main.storyboard in Resources */,
			);
			runOnlyForDeploymentPostprocessing = 0;
		};
/* End PBXResourcesBuildPhase section */

/* Begin PBXShellScriptBuildPhase section */
		7D141EA08D4DAF68F36302BD /* [CP] Check Pods Manifest.lock */ = {
			isa = PBXShellScriptBuildPhase;
			buildActionMask = 2147483647;
			files = (
			);
			inputPaths = (
				"${PODS_PODFILE_DIR_PATH}/Podfile.lock",
				"${PODS_ROOT}/Manifest.lock",
			);
			name = "[CP] Check Pods Manifest.lock";
			outputPaths = (
				"$(DERIVED_FILE_DIR)/Pods-DQOY-checkManifestLockResult.txt",
			);
			runOnlyForDeploymentPostprocessing = 0;
			shellPath = /bin/sh;
			shellScript = "diff \"${PODS_PODFILE_DIR_PATH}/Podfile.lock\" \"${PODS_ROOT}/Manifest.lock\" > /dev/null\nif [ $? != 0 ] ; then\n    # print error to STDERR\n    echo \"error: The sandbox is not in sync with the Podfile.lock. Run 'pod install' or update your CocoaPods installation.\" >&2\n    exit 1\nfi\n# This output is used by Xcode 'outputs' to avoid re-running this script phase.\necho \"SUCCESS\" > \"${SCRIPT_OUTPUT_FILE_0}\"\n";
			showEnvVarsInLog = 0;
		};
		95FB70953568C0A8E049278C /* [CP] Embed Pods Frameworks */ = {
			isa = PBXShellScriptBuildPhase;
			buildActionMask = 2147483647;
			files = (
			);
			inputPaths = (
				"${PODS_ROOT}/Target Support Files/Pods-DQOY/Pods-DQOY-frameworks.sh",
				"${BUILT_PRODUCTS_DIR}/LBYouTubeView/LBYouTubeView.framework",
				"${BUILT_PRODUCTS_DIR}/SDWebImage/SDWebImage.framework",
				"${BUILT_PRODUCTS_DIR}/youtube-ios-player-helper/youtube_ios_player_helper.framework",
			);
			name = "[CP] Embed Pods Frameworks";
			outputPaths = (
				"${TARGET_BUILD_DIR}/${FRAMEWORKS_FOLDER_PATH}/LBYouTubeView.framework",
				"${TARGET_BUILD_DIR}/${FRAMEWORKS_FOLDER_PATH}/SDWebImage.framework",
				"${TARGET_BUILD_DIR}/${FRAMEWORKS_FOLDER_PATH}/youtube_ios_player_helper.framework",
			);
			runOnlyForDeploymentPostprocessing = 0;
			shellPath = /bin/sh;
			shellScript = "\"${PODS_ROOT}/Target Support Files/Pods-DQOY/Pods-DQOY-frameworks.sh\"\n";
			showEnvVarsInLog = 0;
		};
/* End PBXShellScriptBuildPhase section */

/* Begin PBXSourcesBuildPhase section */
		A6BB798C1DB5BADA00D2FAA1 /* Sources */ = {
			isa = PBXSourcesBuildPhase;
			buildActionMask = 2147483647;
			files = (
				7A9207961DBDD6990095E0F0 /* MainViewController.swift in Sources */,
				A6BB79941DB5BADA00D2FAA1 /* AppDelegate.swift in Sources */,
				7A92079C1DBE38B60095E0F0 /* PlayerViewController.swift in Sources */,
				A6BB79A61DB6FFE800D2FAA1 /* VideoCell.swift in Sources */,
				7A9207A01DBE6D350095E0F0 /* DQOYVideo.swift in Sources */,
				7A9207981DBDD8BC0095E0F0 /* DQOYClient.swift in Sources */,
			);
			runOnlyForDeploymentPostprocessing = 0;
		};
/* End PBXSourcesBuildPhase section */

/* Begin PBXVariantGroup section */
		A6BB79971DB5BADA00D2FAA1 /* Main.storyboard */ = {
			isa = PBXVariantGroup;
			children = (
				A6BB79981DB5BADA00D2FAA1 /* Base */,
			);
			name = Main.storyboard;
			sourceTree = "<group>";
		};
		A6BB799C1DB5BADA00D2FAA1 /* LaunchScreen.storyboard */ = {
			isa = PBXVariantGroup;
			children = (
				A6BB799D1DB5BADA00D2FAA1 /* Base */,
			);
			name = LaunchScreen.storyboard;
			sourceTree = "<group>";
		};
/* End PBXVariantGroup section */

/* Begin XCBuildConfiguration section */
		A6BB79A01DB5BADA00D2FAA1 /* Debug */ = {
			isa = XCBuildConfiguration;
			buildSettings = {
				ALWAYS_SEARCH_USER_PATHS = NO;
				CLANG_ANALYZER_NONNULL = YES;
				CLANG_CXX_LANGUAGE_STANDARD = "gnu++0x";
				CLANG_CXX_LIBRARY = "libc++";
				CLANG_ENABLE_MODULES = YES;
				CLANG_ENABLE_OBJC_ARC = YES;
				CLANG_WARN_BOOL_CONVERSION = YES;
				CLANG_WARN_CONSTANT_CONVERSION = YES;
				CLANG_WARN_DIRECT_OBJC_ISA_USAGE = YES_ERROR;
				CLANG_WARN_DOCUMENTATION_COMMENTS = YES;
				CLANG_WARN_EMPTY_BODY = YES;
				CLANG_WARN_ENUM_CONVERSION = YES;
				CLANG_WARN_INFINITE_RECURSION = YES;
				CLANG_WARN_INT_CONVERSION = YES;
				CLANG_WARN_OBJC_ROOT_CLASS = YES_ERROR;
				CLANG_WARN_SUSPICIOUS_MOVES = YES;
				CLANG_WARN_UNREACHABLE_CODE = YES;
				CLANG_WARN__DUPLICATE_METHOD_MATCH = YES;
				"CODE_SIGN_IDENTITY[sdk=iphoneos*]" = "iPhone Developer";
				COPY_PHASE_STRIP = NO;
				DEBUG_INFORMATION_FORMAT = dwarf;
				ENABLE_STRICT_OBJC_MSGSEND = YES;
				ENABLE_TESTABILITY = YES;
				GCC_C_LANGUAGE_STANDARD = gnu99;
				GCC_DYNAMIC_NO_PIC = NO;
				GCC_NO_COMMON_BLOCKS = YES;
				GCC_OPTIMIZATION_LEVEL = 0;
				GCC_PREPROCESSOR_DEFINITIONS = (
					"DEBUG=1",
					"$(inherited)",
				);
				GCC_WARN_64_TO_32_BIT_CONVERSION = YES;
				GCC_WARN_ABOUT_RETURN_TYPE = YES_ERROR;
				GCC_WARN_UNDECLARED_SELECTOR = YES;
				GCC_WARN_UNINITIALIZED_AUTOS = YES_AGGRESSIVE;
				GCC_WARN_UNUSED_FUNCTION = YES;
				GCC_WARN_UNUSED_VARIABLE = YES;
				IPHONEOS_DEPLOYMENT_TARGET = 10.0;
				MTL_ENABLE_DEBUG_INFO = YES;
				ONLY_ACTIVE_ARCH = YES;
				SDKROOT = iphoneos;
				SWIFT_ACTIVE_COMPILATION_CONDITIONS = DEBUG;
				SWIFT_OPTIMIZATION_LEVEL = "-Onone";
				TARGETED_DEVICE_FAMILY = "1,2";
			};
			name = Debug;
		};
		A6BB79A11DB5BADA00D2FAA1 /* Release */ = {
			isa = XCBuildConfiguration;
			buildSettings = {
				ALWAYS_SEARCH_USER_PATHS = NO;
				CLANG_ANALYZER_NONNULL = YES;
				CLANG_CXX_LANGUAGE_STANDARD = "gnu++0x";
				CLANG_CXX_LIBRARY = "libc++";
				CLANG_ENABLE_MODULES = YES;
				CLANG_ENABLE_OBJC_ARC = YES;
				CLANG_WARN_BOOL_CONVERSION = YES;
				CLANG_WARN_CONSTANT_CONVERSION = YES;
				CLANG_WARN_DIRECT_OBJC_ISA_USAGE = YES_ERROR;
				CLANG_WARN_DOCUMENTATION_COMMENTS = YES;
				CLANG_WARN_EMPTY_BODY = YES;
				CLANG_WARN_ENUM_CONVERSION = YES;
				CLANG_WARN_INFINITE_RECURSION = YES;
				CLANG_WARN_INT_CONVERSION = YES;
				CLANG_WARN_OBJC_ROOT_CLASS = YES_ERROR;
				CLANG_WARN_SUSPICIOUS_MOVES = YES;
				CLANG_WARN_UNREACHABLE_CODE = YES;
				CLANG_WARN__DUPLICATE_METHOD_MATCH = YES;
				"CODE_SIGN_IDENTITY[sdk=iphoneos*]" = "iPhone Developer";
				COPY_PHASE_STRIP = NO;
				DEBUG_INFORMATION_FORMAT = "dwarf-with-dsym";
				ENABLE_NS_ASSERTIONS = NO;
				ENABLE_STRICT_OBJC_MSGSEND = YES;
				GCC_C_LANGUAGE_STANDARD = gnu99;
				GCC_NO_COMMON_BLOCKS = YES;
				GCC_WARN_64_TO_32_BIT_CONVERSION = YES;
				GCC_WARN_ABOUT_RETURN_TYPE = YES_ERROR;
				GCC_WARN_UNDECLARED_SELECTOR = YES;
				GCC_WARN_UNINITIALIZED_AUTOS = YES_AGGRESSIVE;
				GCC_WARN_UNUSED_FUNCTION = YES;
				GCC_WARN_UNUSED_VARIABLE = YES;
				IPHONEOS_DEPLOYMENT_TARGET = 10.0;
				MTL_ENABLE_DEBUG_INFO = NO;
				SDKROOT = iphoneos;
				SWIFT_OPTIMIZATION_LEVEL = "-Owholemodule";
				TARGETED_DEVICE_FAMILY = "1,2";
				VALIDATE_PRODUCT = YES;
			};
			name = Release;
		};
		A6BB79A31DB5BADA00D2FAA1 /* Debug */ = {
			isa = XCBuildConfiguration;
			baseConfigurationReference = 843DD3BD48C786E0BDB9AA03 /* Pods-DQOY.debug.xcconfig */;
			buildSettings = {
				ASSETCATALOG_COMPILER_APPICON_NAME = AppIcon;
				DEVELOPMENT_TEAM = W345E7CZ5N;
				INFOPLIST_FILE = DQOY/Info.plist;
				LD_RUNPATH_SEARCH_PATHS = "$(inherited) @executable_path/Frameworks";
				PRODUCT_BUNDLE_IDENTIFIER = com.db.dqoy.DQOY;
				PRODUCT_NAME = "$(TARGET_NAME)";
				SWIFT_VERSION = 5.0;
			};
			name = Debug;
		};
		A6BB79A41DB5BADA00D2FAA1 /* Release */ = {
			isa = XCBuildConfiguration;
			baseConfigurationReference = 9FC2565FCB8671D2097F43B9 /* Pods-DQOY.release.xcconfig */;
			buildSettings = {
				ASSETCATALOG_COMPILER_APPICON_NAME = AppIcon;
				DEVELOPMENT_TEAM = W345E7CZ5N;
				INFOPLIST_FILE = DQOY/Info.plist;
				LD_RUNPATH_SEARCH_PATHS = "$(inherited) @executable_path/Frameworks";
				PRODUCT_BUNDLE_IDENTIFIER = com.db.dqoy.DQOY;
				PRODUCT_NAME = "$(TARGET_NAME)";
				SWIFT_VERSION = 5.0;
			};
			name = Release;
		};
/* End XCBuildConfiguration section */

/* Begin XCConfigurationList section */
		A6BB798B1DB5BADA00D2FAA1 /* Build configuration list for PBXProject "DQOY" */ = {
			isa = XCConfigurationList;
			buildConfigurations = (
				A6BB79A01DB5BADA00D2FAA1 /* Debug */,
				A6BB79A11DB5BADA00D2FAA1 /* Release */,
			);
			defaultConfigurationIsVisible = 0;
			defaultConfigurationName = Release;
		};
		A6BB79A21DB5BADA00D2FAA1 /* Build configuration list for PBXNativeTarget "DQOY" */ = {
			isa = XCConfigurationList;
			buildConfigurations = (
				A6BB79A31DB5BADA00D2FAA1 /* Debug */,
				A6BB79A41DB5BADA00D2FAA1 /* Release */,
			);
			defaultConfigurationIsVisible = 0;
			defaultConfigurationName = Release;
		};
/* End XCConfigurationList section */
	};
	rootObject = A6BB79881DB5BADA00D2FAA1 /* Project object */;
}
